dependencies:
- name: gateway-service
  repository: file://charts/gateway-service
  version: 0.1.0
- name: orders-service
  repository: file://charts/orders-service
  version: 0.1.0
- name: catalog-service
  repository: file://charts/catalog-service
  version: 0.1.0
- name: billing-service
  repository: file://charts/billing-service
  version: 0.1.0
- name: notification-service
  repository: file://charts/notification-service
  version: 0.1.0
- name: analytics-service
  repository: file://charts/analytics-service
  version: 0.1.0
- name: redis
  repository: file://charts/redis
  version: 0.1.0
- name: prometheus
  repository: file://charts/prometheus
  version: 0.1.0
- name: grafana
  repository: file://charts/grafana
  version: 0.1.0
- name: external-secrets
  repository: file://charts/external-secrets
  version: 0.1.0
digest: sha256:8cbcd5d0636919006caba3ea9d148d0b721da39eab8499cbc7e683736799aaf2
generated: "2026-03-15T15:17:47.796526319+01:00"
